PODS:
  - file_saver_ffi (0.0.1):
    - Flutter
    - FlutterMacOS
  - Flutter (1.0.0)

DEPENDENCIES:
  - file_saver_ffi (from `.symlinks/plugins/file_saver_ffi/darwin`)
  - Flutter (from `Flutter`)

EXTERNAL SOURCES:
  file_saver_ffi:
    :path: ".symlinks/plugins/file_saver_ffi/darwin"
  Flutter:
    :path: Flutter

SPEC CHECKSUMS:
  file_saver_ffi: 75d0b891038d1d7e75e107057e5b7d1db615a1c5
  Flutter: cabc95a1d2626b1b06e7179b784ebcf0c0cde467

PODFILE CHECKSUM: 251cb053df7158f337c0712f2ab29f4e0fa474ce

COCOAPODS: 1.16.2
